
Microsoft Visual Studio Solution File, Format Version 12.00
# Visual Studio Version 16
VisualStudioVersion = 16.0.30711.63
MinimumVisualStudioVersion = 10.0.40219.1
Project("{9A19103F-16F7-4668-BE54-9A1E7A4F7556}") = "BlazorLinks", "BlazorLinks\BlazorLinks.csproj", "{A2D6FAAD-9966-44EA-9D6D-F2A1A0EFB643}"
EndProject
Project("{2150E333-8FDC-42A3-9474-1A3956D46DE8}") = "Solution Items", "Solution Items", "{6CA43C4B-736A-4C74-83BA-ACD1DBC7A646}"
	ProjectSection(SolutionItems) = preProject
		.gitignore = .gitignore
		Directory.Build.props = Directory.Build.props
		README.md = README.md
	EndProjectSection
EndProject
Project("{9A19103F-16F7-4668-BE54-9A1E7A4F7556}") = "BlazorLinks.TestSite", "BlazorLinks.TestSite\BlazorLinks.TestSite.csproj", "{711766F3-1ECD-47B2-B5BA-3F26A4B33E6D}"
EndProject
Global
	GlobalSection(SolutionConfigurationPlatforms) = preSolution
		Debug|Any CPU = Debug|Any CPU
		Release|Any CPU = Release|Any CPU
	EndGlobalSection
	GlobalSection(ProjectConfigurationPlatforms) = postSolution
		{A2D6FAAD-9966-44EA-9D6D-F2A1A0EFB643}.Debug|Any CPU.ActiveCfg = Debug|Any CPU
		{A2D6FAAD-9966-44EA-9D6D-F2A1A0EFB643}.Debug|Any CPU.Build.0 = Debug|Any CPU
		{A2D6FAAD-9966-44EA-9D6D-F2A1A0EFB643}.Release|Any CPU.ActiveCfg = Release|Any CPU
		{A2D6FAAD-9966-44EA-9D6D-F2A1A0EFB643}.Release|Any CPU.Build.0 = Release|Any CPU
		{711766F3-1ECD-47B2-B5BA-3F26A4B33E6D}.Debug|Any CPU.ActiveCfg = Debug|Any CPU
		{711766F3-1ECD-47B2-B5BA-3F26A4B33E6D}.Debug|Any CPU.Build.0 = Debug|Any CPU
		{711766F3-1ECD-47B2-B5BA-3F26A4B33E6D}.Release|Any CPU.ActiveCfg = Release|Any CPU
		{711766F3-1ECD-47B2-B5BA-3F26A4B33E6D}.Release|Any CPU.Build.0 = Release|Any CPU
	EndGlobalSection
	GlobalSection(SolutionProperties) = preSolution
		HideSolutionNode = FALSE
	EndGlobalSection
	GlobalSection(ExtensibilityGlobals) = postSolution
		SolutionGuid = {03DA0CD0-15FE-4FE5-9CCE-5B14FE8B4F34}
	EndGlobalSection
EndGlobal
